
Microsoft Visual Studio Solution File, Format Version 12.00
# Visual Studio Version 16
VisualStudioVersion = 16.0.31112.23
MinimumVisualStudioVersion = 10.0.40219.1
Project("{FAE04EC0-301F-11D3-BF4B-00C04F79EFBC}") = "DVDService", "DVDService.csproj", "{15883739-16D1-4819-9BF1-4E165BD07407}"
EndProject
Global
	GlobalSection(SolutionConfigurationPlatforms) = preSolution
		Debug|Any CPU = Debug|Any CPU
		Release|Any CPU = Release|Any CPU
	EndGlobalSection
	GlobalSection(ProjectConfigurationPlatforms) = postSolution
		{15883739-16D1-4819-9BF1-4E165BD07407}.Debug|Any CPU.ActiveCfg = Debug|Any CPU
		{15883739-16D1-4819-9BF1-4E165BD07407}.Debug|Any CPU.Build.0 = Debug|Any CPU
		{15883739-16D1-4819-9BF1-4E165BD07407}.Release|Any CPU.ActiveCfg = Release|Any CPU
		{15883739-16D1-4819-9BF1-4E165BD07407}.Release|Any CPU.Build.0 = Release|Any CPU
	EndGlobalSection
	GlobalSection(SolutionProperties) = preSolution
		HideSolutionNode = FALSE
	EndGlobalSection
	GlobalSection(ExtensibilityGlobals) = postSolution
		SolutionGuid = {C5609176-DFB6-4CA9-B4C5-34A8E5CF6330}
	EndGlobalSection
EndGlobal
