
Microsoft Visual Studio Solution File, Format Version 12.00
# Visual Studio Version 16
VisualStudioVersion = 16.0.30503.244
MinimumVisualStudioVersion = 10.0.40219.1
Project("{FAE04EC0-301F-11D3-BF4B-00C04F79EFBC}") = "RPG.Inventory.Tests", "RPG.Inventory.Tests\RPG.Inventory.Tests.csproj", "{B89F1630-C5FF-436D-9D2E-051FB7B29DE9}"
EndProject
Project("{FAE04EC0-301F-11D3-BF4B-00C04F79EFBC}") = "RPG.Inventory", "RPG.Inventory\RPG.Inventory.csproj", "{E89CE896-4CE6-430B-8401-FA3B3C6A77C2}"
EndProject
Global
	GlobalSection(SolutionConfigurationPlatforms) = preSolution
		Debug|Any CPU = Debug|Any CPU
		Release|Any CPU = Release|Any CPU
	EndGlobalSection
	GlobalSection(ProjectConfigurationPlatforms) = postSolution
		{B89F1630-C5FF-436D-9D2E-051FB7B29DE9}.Debug|Any CPU.ActiveCfg = Debug|Any CPU
		{B89F1630-C5FF-436D-9D2E-051FB7B29DE9}.Debug|Any CPU.Build.0 = Debug|Any CPU
		{B89F1630-C5FF-436D-9D2E-051FB7B29DE9}.Release|Any CPU.ActiveCfg = Release|Any CPU
		{B89F1630-C5FF-436D-9D2E-051FB7B29DE9}.Release|Any CPU.Build.0 = Release|Any CPU
		{E89CE896-4CE6-430B-8401-FA3B3C6A77C2}.Debug|Any CPU.ActiveCfg = Debug|Any CPU
		{E89CE896-4CE6-430B-8401-FA3B3C6A77C2}.Debug|Any CPU.Build.0 = Debug|Any CPU
		{E89CE896-4CE6-430B-8401-FA3B3C6A77C2}.Release|Any CPU.ActiveCfg = Release|Any CPU
		{E89CE896-4CE6-430B-8401-FA3B3C6A77C2}.Release|Any CPU.Build.0 = Release|Any CPU
	EndGlobalSection
	GlobalSection(SolutionProperties) = preSolution
		HideSolutionNode = FALSE
	EndGlobalSection
	GlobalSection(ExtensibilityGlobals) = postSolution
		SolutionGuid = {44A9C029-BECE-4C4D-A131-AF73798BE77B}
	EndGlobalSection
EndGlobal
