
Microsoft Visual Studio Solution File, Format Version 12.00
# Visual Studio Version 16
VisualStudioVersion = 16.0.30503.244
MinimumVisualStudioVersion = 10.0.40219.1
Project("{9A19103F-16F7-4668-BE54-9A1E7A4F7556}") = "DiceGame.UI", "DiceGame.UI\DiceGame.UI.csproj", "{23532F0C-FE2D-4416-9C13-F9AB8C4BD26A}"
EndProject
Project("{9A19103F-16F7-4668-BE54-9A1E7A4F7556}") = "DiceGame.BLL", "DiceGame.BLL\DiceGame.BLL.csproj", "{EBB82E61-0119-4E4D-99DD-AD2D2FA7AC13}"
EndProject
Global
	GlobalSection(SolutionConfigurationPlatforms) = preSolution
		Debug|Any CPU = Debug|Any CPU
		Release|Any CPU = Release|Any CPU
	EndGlobalSection
	GlobalSection(ProjectConfigurationPlatforms) = postSolution
		{23532F0C-FE2D-4416-9C13-F9AB8C4BD26A}.Debug|Any CPU.ActiveCfg = Debug|Any CPU
		{23532F0C-FE2D-4416-9C13-F9AB8C4BD26A}.Debug|Any CPU.Build.0 = Debug|Any CPU
		{23532F0C-FE2D-4416-9C13-F9AB8C4BD26A}.Release|Any CPU.ActiveCfg = Release|Any CPU
		{23532F0C-FE2D-4416-9C13-F9AB8C4BD26A}.Release|Any CPU.Build.0 = Release|Any CPU
		{EBB82E61-0119-4E4D-99DD-AD2D2FA7AC13}.Debug|Any CPU.ActiveCfg = Debug|Any CPU
		{EBB82E61-0119-4E4D-99DD-AD2D2FA7AC13}.Debug|Any CPU.Build.0 = Debug|Any CPU
		{EBB82E61-0119-4E4D-99DD-AD2D2FA7AC13}.Release|Any CPU.ActiveCfg = Release|Any CPU
		{EBB82E61-0119-4E4D-99DD-AD2D2FA7AC13}.Release|Any CPU.Build.0 = Release|Any CPU
	EndGlobalSection
	GlobalSection(SolutionProperties) = preSolution
		HideSolutionNode = FALSE
	EndGlobalSection
	GlobalSection(ExtensibilityGlobals) = postSolution
		SolutionGuid = {2C805531-C30F-4061-871B-59463BFD1F6B}
	EndGlobalSection
EndGlobal
