
Microsoft Visual Studio Solution File, Format Version 12.00
# Visual Studio Version 16
VisualStudioVersion = 16.0.30406.217
MinimumVisualStudioVersion = 10.0.40219.1
Project("{FAE04EC0-301F-11D3-BF4B-00C04F79EFBC}") = "SummativeSums", "SummativeSums.csproj", "{1E1ED33C-FDCB-4354-9971-C2523EBCF51A}"
EndProject
Global
	GlobalSection(SolutionConfigurationPlatforms) = preSolution
		Debug|Any CPU = Debug|Any CPU
		Release|Any CPU = Release|Any CPU
	EndGlobalSection
	GlobalSection(ProjectConfigurationPlatforms) = postSolution
		{1E1ED33C-FDCB-4354-9971-C2523EBCF51A}.Debug|Any CPU.ActiveCfg = Debug|Any CPU
		{1E1ED33C-FDCB-4354-9971-C2523EBCF51A}.Debug|Any CPU.Build.0 = Debug|Any CPU
		{1E1ED33C-FDCB-4354-9971-C2523EBCF51A}.Release|Any CPU.ActiveCfg = Release|Any CPU
		{1E1ED33C-FDCB-4354-9971-C2523EBCF51A}.Release|Any CPU.Build.0 = Release|Any CPU
	EndGlobalSection
	GlobalSection(SolutionProperties) = preSolution
		HideSolutionNode = FALSE
	EndGlobalSection
	GlobalSection(ExtensibilityGlobals) = postSolution
		SolutionGuid = {2865C204-154A-4102-A025-CD0FF0833AFA}
	EndGlobalSection
EndGlobal
