
Microsoft Visual Studio Solution File, Format Version 12.00
# Visual Studio Version 16
VisualStudioVersion = 16.0.30717.126
MinimumVisualStudioVersion = 10.0.40219.1
Project("{FAE04EC0-301F-11D3-BF4B-00C04F79EFBC}") = "SGBank.UI", "SGBank.UI\SGBank.UI.csproj", "{84CCF35D-54DD-478C-87E9-A63E634426CC}"
EndProject
Project("{FAE04EC0-301F-11D3-BF4B-00C04F79EFBC}") = "SGBank.Data", "SGBank.Data\SGBank.Data.csproj", "{0B38F266-E18F-4F43-8803-71F4243516B9}"
EndProject
Project("{FAE04EC0-301F-11D3-BF4B-00C04F79EFBC}") = "SGBank.Models", "SGBank.Models\SGBank.Models.csproj", "{AA1AA9D3-3FFE-4BBC-AA86-05DA77DB0320}"
EndProject
Project("{FAE04EC0-301F-11D3-BF4B-00C04F79EFBC}") = "SGBank.BLL", "SGBank.BLL\SGBank.BLL.csproj", "{B447D42D-BAAD-4BE1-9158-00F18775C46F}"
EndProject
Project("{FAE04EC0-301F-11D3-BF4B-00C04F79EFBC}") = "SGBank.Tests", "SGBank.Tests\SGBank.Tests.csproj", "{57D05CBF-AAC5-4C59-B0C3-D4AC3D3744DE}"
EndProject
Global
	GlobalSection(SolutionConfigurationPlatforms) = preSolution
		Debug|Any CPU = Debug|Any CPU
		Release|Any CPU = Release|Any CPU
	EndGlobalSection
	GlobalSection(ProjectConfigurationPlatforms) = postSolution
		{84CCF35D-54DD-478C-87E9-A63E634426CC}.Debug|Any CPU.ActiveCfg = Debug|Any CPU
		{84CCF35D-54DD-478C-87E9-A63E634426CC}.Debug|Any CPU.Build.0 = Debug|Any CPU
		{84CCF35D-54DD-478C-87E9-A63E634426CC}.Release|Any CPU.ActiveCfg = Release|Any CPU
		{84CCF35D-54DD-478C-87E9-A63E634426CC}.Release|Any CPU.Build.0 = Release|Any CPU
		{0B38F266-E18F-4F43-8803-71F4243516B9}.Debug|Any CPU.ActiveCfg = Debug|Any CPU
		{0B38F266-E18F-4F43-8803-71F4243516B9}.Debug|Any CPU.Build.0 = Debug|Any CPU
		{0B38F266-E18F-4F43-8803-71F4243516B9}.Release|Any CPU.ActiveCfg = Release|Any CPU
		{0B38F266-E18F-4F43-8803-71F4243516B9}.Release|Any CPU.Build.0 = Release|Any CPU
		{AA1AA9D3-3FFE-4BBC-AA86-05DA77DB0320}.Debug|Any CPU.ActiveCfg = Debug|Any CPU
		{AA1AA9D3-3FFE-4BBC-AA86-05DA77DB0320}.Debug|Any CPU.Build.0 = Debug|Any CPU
		{AA1AA9D3-3FFE-4BBC-AA86-05DA77DB0320}.Release|Any CPU.ActiveCfg = Release|Any CPU
		{AA1AA9D3-3FFE-4BBC-AA86-05DA77DB0320}.Release|Any CPU.Build.0 = Release|Any CPU
		{B447D42D-BAAD-4BE1-9158-00F18775C46F}.Debug|Any CPU.ActiveCfg = Debug|Any CPU
		{B447D42D-BAAD-4BE1-9158-00F18775C46F}.Debug|Any CPU.Build.0 = Debug|Any CPU
		{B447D42D-BAAD-4BE1-9158-00F18775C46F}.Release|Any CPU.ActiveCfg = Release|Any CPU
		{B447D42D-BAAD-4BE1-9158-00F18775C46F}.Release|Any CPU.Build.0 = Release|Any CPU
		{57D05CBF-AAC5-4C59-B0C3-D4AC3D3744DE}.Debug|Any CPU.ActiveCfg = Debug|Any CPU
		{57D05CBF-AAC5-4C59-B0C3-D4AC3D3744DE}.Debug|Any CPU.Build.0 = Debug|Any CPU
		{57D05CBF-AAC5-4C59-B0C3-D4AC3D3744DE}.Release|Any CPU.ActiveCfg = Release|Any CPU
		{57D05CBF-AAC5-4C59-B0C3-D4AC3D3744DE}.Release|Any CPU.Build.0 = Release|Any CPU
	EndGlobalSection
	GlobalSection(SolutionProperties) = preSolution
		HideSolutionNode = FALSE
	EndGlobalSection
	GlobalSection(ExtensibilityGlobals) = postSolution
		SolutionGuid = {83389725-6E6D-4F15-B9A2-2645A4CBFCA9}
	EndGlobalSection
EndGlobal
